
Microsoft Visual Studio Solution File, Format Version 12.00
# Visual Studio Version 17
VisualStudioVersion = 17.14.36414.22
MinimumVisualStudioVersion = 10.0.40219.1
Project("{2150E333-8FDC-42A3-9474-1A3956D46DE8}") = "Tests", "Tests", "{0A9D343A-760F-49F8-A3BD-E7A909EE3515}"
EndProject
Project("{FAE04EC0-301F-11D3-BF4B-00C04F79EFBC}") = "AWSLambda", "src\AWSLambda\AWSLambda.csproj", "{B6E7DF59-7CEE-ADAF-7917-C52DB4D5A265}"
EndProject
Project("{FAE04EC0-301F-11D3-BF4B-00C04F79EFBC}") = "FastLambda", "src\FastLambda\FastLambda.csproj", "{02E5CC23-31ED-AAD3-2808-5BA767E7782F}"
EndProject
Project("{2150E333-8FDC-42A3-9474-1A3956D46DE8}") = "Deploy", "Deploy", "{02EA681E-C7D8-13C7-8484-4AC65E1B71E8}"
EndProject
Global
	GlobalSection(SolutionConfigurationPlatforms) = preSolution
		Debug|Any CPU = Debug|Any CPU
		Release|Any CPU = Release|Any CPU
	EndGlobalSection
	GlobalSection(ProjectConfigurationPlatforms) = postSolution
		{B6E7DF59-7CEE-ADAF-7917-C52DB4D5A265}.Debug|Any CPU.ActiveCfg = Debug|Any CPU
		{B6E7DF59-7CEE-ADAF-7917-C52DB4D5A265}.Debug|Any CPU.Build.0 = Debug|Any CPU
		{B6E7DF59-7CEE-ADAF-7917-C52DB4D5A265}.Release|Any CPU.ActiveCfg = Release|Any CPU
		{B6E7DF59-7CEE-ADAF-7917-C52DB4D5A265}.Release|Any CPU.Build.0 = Release|Any CPU
		{02E5CC23-31ED-AAD3-2808-5BA767E7782F}.Debug|Any CPU.ActiveCfg = Debug|Any CPU
		{02E5CC23-31ED-AAD3-2808-5BA767E7782F}.Debug|Any CPU.Build.0 = Debug|Any CPU
		{02E5CC23-31ED-AAD3-2808-5BA767E7782F}.Release|Any CPU.ActiveCfg = Release|Any CPU
		{02E5CC23-31ED-AAD3-2808-5BA767E7782F}.Release|Any CPU.Build.0 = Release|Any CPU
	EndGlobalSection
	GlobalSection(SolutionProperties) = preSolution
		HideSolutionNode = FALSE
	EndGlobalSection
	GlobalSection(ExtensibilityGlobals) = postSolution
		SolutionGuid = {EF65921F-E9AA-4325-BF93-97071DABB969}
	EndGlobalSection
EndGlobal
